<?xml version="1.0" encoding="utf-8"?>
<Project ToolsVersion="4.0" xmlns="http://schemas.microsoft.com/developer/msbuild/2003">
  <ItemGroup>
    <ClCompile Include="..\ADAMEm.c">
      <Filter>Source Files</Filter>
    </ClCompile>
    <ClCompile Include="..\AdamemSDL.c">
      <Filter>Source Files</Filter>
    </ClCompile>
    <ClCompile Include="..\AdamSDLSound_2.c">
      <Filter>Source Files</Filter>
    </ClCompile>
    <ClCompile Include="..\Bitmap.c">
      <Filter>Source Files</Filter>
    </ClCompile>
    <ClCompile Include="..\Coleco.c">
      <Filter>Source Files</Filter>
    </ClCompile>
    <ClCompile Include="..\IDE\HarddiskIDE.c">
      <Filter>Source Files</Filter>
    </ClCompile>
    <ClCompile Include="..\sms_ntsc.c">
      <Filter>Source Files</Filter>
    </ClCompile>
    <ClCompile Include="..\Sound.c">
      <Filter>Source Files</Filter>
    </ClCompile>
    <ClCompile Include="..\Z80.c">
      <Filter>Source Files</Filter>
    </ClCompile>
    <ClCompile Include="..\Z80Debug.c">
      <Filter>Source Files</Filter>
    </ClCompile>
  </ItemGroup>
  <ItemGroup>
    <ClInclude Include="..\AdamemSDL.h">
      <Filter>Header Files</Filter>
    </ClInclude>
    <ClInclude Include="..\AdamSDLSound_2.h">
      <Filter>Header Files</Filter>
    </ClInclude>
    <ClInclude Include="..\Bitmap.h">
      <Filter>Header Files</Filter>
    </ClInclude>
    <ClInclude Include="..\Coleco.h">
      <Filter>Header Files</Filter>
    </ClInclude>
    <ClInclude Include="..\Common.h">
      <Filter>Header Files</Filter>
    </ClInclude>
    <ClInclude Include="..\IDE\HarddiskIDE.h">
      <Filter>Header Files</Filter>
    </ClInclude>
    <ClInclude Include="..\IDE\MsxTypes.h">
      <Filter>Header Files</Filter>
    </ClInclude>
    <ClInclude Include="resource.h">
      <Filter>Header Files</Filter>
    </ClInclude>
    <ClInclude Include="..\Z80IO.h">
      <Filter>Header Files</Filter>
    </ClInclude>
    <ClInclude Include="..\Z80DAA.h">
      <Filter>Header Files</Filter>
    </ClInclude>
    <ClInclude Include="..\Z80Codes.h">
      <Filter>Header Files</Filter>
    </ClInclude>
    <ClInclude Include="..\Z80CDx86.h">
      <Filter>Header Files</Filter>
    </ClInclude>
    <ClInclude Include="..\Z80.h">
      <Filter>Header Files</Filter>
    </ClInclude>
    <ClInclude Include="..\Sound.h">
      <Filter>Header Files</Filter>
    </ClInclude>
    <ClInclude Include="..\sms_ntsc_impl.h">
      <Filter>Header Files</Filter>
    </ClInclude>
    <ClInclude Include="..\sms_ntsc_config.h">
      <Filter>Header Files</Filter>
    </ClInclude>
    <ClInclude Include="..\sms_ntsc.h">
      <Filter>Header Files</Filter>
    </ClInclude>
    <ClInclude Include="..\Help.h">
      <Filter>Header Files</Filter>
    </ClInclude>
  </ItemGroup>
  <ItemGroup>
    <Filter Include="Header Files">
      <UniqueIdentifier>{7f636c9f-7cea-4b1d-984a-239cef8a6632}</UniqueIdentifier>
    </Filter>
    <Filter Include="Source Files">
      <UniqueIdentifier>{e91bd734-d62c-4e47-b827-87c24d299506}</UniqueIdentifier>
    </Filter>
    <Filter Include="Resource Files">
      <UniqueIdentifier>{7ad3dd36-75f7-40c1-885a-aca3503ea1fc}</UniqueIdentifier>
    </Filter>
  </ItemGroup>
  <ItemGroup>
    <ResourceCompile Include="ADAMEm SDL.rc">
      <Filter>Resource Files</Filter>
    </ResourceCompile>
  </ItemGroup>
  <ItemGroup>
    <Library Include="..\..\..\..\SDL2-2.0.12\lib\x64\SDL2.lib" />
    <Library Include="..\..\..\..\SDL2-2.0.12\lib\x64\SDL2main.lib" />
  </ItemGroup>
</Project>